// !$*UTF8*$!
{
	archiveVersion = 1;
	classes = {
	};
	objectVersion = 56;
	objects = {

/* Begin PBXBuildFile section */
		AC39CA63296C313C0030FD6F /* AppDelegate.swift in Sources */ = {isa = PBXBuildFile; fileRef = AC39CA62296C313C0030FD6F /* AppDelegate.swift */; };
		AC39CA65296C313C0030FD6F /* SceneDelegate.swift in Sources */ = {isa = PBXBuildFile; fileRef = AC39CA64296C313C0030FD6F /* SceneDelegate.swift */; };
		AC39CA67296C313C0030FD6F /* ViewController.swift in Sources */ = {isa = PBXBuildFile; fileRef = AC39CA66296C313C0030FD6F /* ViewController.swift */; };
		AC39CA6C296C313D0030FD6F /* Assets.xcassets in Resources */ = {isa = PBXBuildFile; fileRef = AC39CA6B296C313D0030FD6F /* Assets.xcassets */; };
		AC39CA6F296C313D0030FD6F /* LaunchScreen.storyboard in Resources */ = {isa = PBXBuildFile; fileRef = AC39CA6D296C313D0030FD6F /* LaunchScreen.storyboard */; };
		AC39CA77296C32E60030FD6F /* CollectionCell.swift in Sources */ = {isa = PBXBuildFile; fileRef = AC39CA76296C32E60030FD6F /* CollectionCell.swift */; };
		AC39CA79296C3B8D0030FD6F /* ShoesViewController.swift in Sources */ = {isa = PBXBuildFile; fileRef = AC39CA78296C3B8D0030FD6F /* ShoesViewController.swift */; };
		AC39CA7B296C3C210030FD6F /* BooksViewController.swift in Sources */ = {isa = PBXBuildFile; fileRef = AC39CA7A296C3C210030FD6F /* BooksViewController.swift */; };
		AC39CA7D296C3C4B0030FD6F /* CristmasViewController.swift in Sources */ = {isa = PBXBuildFile; fileRef = AC39CA7C296C3C4B0030FD6F /* CristmasViewController.swift */; };
		AC39CA7F296C3C880030FD6F /* ElectronicsViewController.swift in Sources */ = {isa = PBXBuildFile; fileRef = AC39CA7E296C3C880030FD6F /* ElectronicsViewController.swift */; };
		AC39CA81296C3CB50030FD6F /* HomeAppViewController.swift in Sources */ = {isa = PBXBuildFile; fileRef = AC39CA80296C3CB50030FD6F /* HomeAppViewController.swift */; };
		ACAC0C86296CAE8A003D39DF /* CollectionCellBack.swift in Sources */ = {isa = PBXBuildFile; fileRef = ACAC0C85296CAE8A003D39DF /* CollectionCellBack.swift */; };
		ACB65041296D6C18005E0839 /* ChangeBooks.swift in Sources */ = {isa = PBXBuildFile; fileRef = ACB65040296D6C18005E0839 /* ChangeBooks.swift */; };
		ACB65043296D6F5E005E0839 /* NextBook.swift in Sources */ = {isa = PBXBuildFile; fileRef = ACB65042296D6F5E005E0839 /* NextBook.swift */; };
		ACB65046296D7461005E0839 /* ChangeCollectionCell.swift in Sources */ = {isa = PBXBuildFile; fileRef = ACB65045296D7461005E0839 /* ChangeCollectionCell.swift */; };
		ACB65049296D9342005E0839 /* AudioSegmentIndexViewController.swift in Sources */ = {isa = PBXBuildFile; fileRef = ACB65048296D9342005E0839 /* AudioSegmentIndexViewController.swift */; };
		ACB6504B296D9462005E0839 /* AudioCollectionCell.swift in Sources */ = {isa = PBXBuildFile; fileRef = ACB6504A296D9462005E0839 /* AudioCollectionCell.swift */; };
		ACC7F3A9296DD9C000C60E0B /* AudionChange.swift in Sources */ = {isa = PBXBuildFile; fileRef = ACC7F3A8296DD9C000C60E0B /* AudionChange.swift */; };
		ACC7F3AB296DDAC200C60E0B /* AudioCell.swift in Sources */ = {isa = PBXBuildFile; fileRef = ACC7F3AA296DDAC200C60E0B /* AudioCell.swift */; };
		ACCE61F8296D41A200D05757 /* BooksSegmentIndexViewController.swift in Sources */ = {isa = PBXBuildFile; fileRef = ACCE61F7296D41A200D05757 /* BooksSegmentIndexViewController.swift */; };
		EAE4791BF74BCD1F16CECBDD /* Pods_Shop.framework in Frameworks */ = {isa = PBXBuildFile; fileRef = BF27FD3569AB7103C3D937CD /* Pods_Shop.framework */; };
/* End PBXBuildFile section */

/* Begin PBXFileReference section */
		21B4E4309FC56389A0E42867 /* Pods-Shop.debug.xcconfig */ = {isa = PBXFileReference; includeInIndex = 1; lastKnownFileType = text.xcconfig; name = "Pods-Shop.debug.xcconfig"; path = "Target Support Files/Pods-Shop/Pods-Shop.debug.xcconfig"; sourceTree = "<group>"; };
		93A402A68D459D4E46008FCC /* Pods-Shop.release.xcconfig */ = {isa = PBXFileReference; includeInIndex = 1; lastKnownFileType = text.xcconfig; name = "Pods-Shop.release.xcconfig"; path = "Target Support Files/Pods-Shop/Pods-Shop.release.xcconfig"; sourceTree = "<group>"; };
		AC39CA5F296C313C0030FD6F /* Shop.app */ = {isa = PBXFileReference; explicitFileType = wrapper.application; includeInIndex = 0; path = Shop.app; sourceTree = BUILT_PRODUCTS_DIR; };
		AC39CA62296C313C0030FD6F /* AppDelegate.swift */ = {isa = PBXFileReference; lastKnownFileType = sourcecode.swift; path = AppDelegate.swift; sourceTree = "<group>"; };
		AC39CA64296C313C0030FD6F /* SceneDelegate.swift */ = {isa = PBXFileReference; lastKnownFileType = sourcecode.swift; path = SceneDelegate.swift; sourceTree = "<group>"; };
		AC39CA66296C313C0030FD6F /* ViewController.swift */ = {isa = PBXFileReference; lastKnownFileType = sourcecode.swift; path = ViewController.swift; sourceTree = "<group>"; };
		AC39CA6B296C313D0030FD6F /* Assets.xcassets */ = {isa = PBXFileReference; lastKnownFileType = folder.assetcatalog; path = Assets.xcassets; sourceTree = "<group>"; };
		AC39CA6E296C313D0030FD6F /* Base */ = {isa = PBXFileReference; lastKnownFileType = file.storyboard; name = Base; path = Base.lproj/LaunchScreen.storyboard; sourceTree = "<group>"; };
		AC39CA70296C313D0030FD6F /* Info.plist */ = {isa = PBXFileReference; lastKnownFileType = text.plist.xml; path = Info.plist; sourceTree = "<group>"; };
		AC39CA76296C32E60030FD6F /* CollectionCell.swift */ = {isa = PBXFileReference; lastKnownFileType = sourcecode.swift; path = CollectionCell.swift; sourceTree = "<group>"; };
		AC39CA78296C3B8D0030FD6F /* ShoesViewController.swift */ = {isa = PBXFileReference; lastKnownFileType = sourcecode.swift; path = ShoesViewController.swift; sourceTree = "<group>"; };
		AC39CA7A296C3C210030FD6F /* BooksViewController.swift */ = {isa = PBXFileReference; lastKnownFileType = sourcecode.swift; path = BooksViewController.swift; sourceTree = "<group>"; };
		AC39CA7C296C3C4B0030FD6F /* CristmasViewController.swift */ = {isa = PBXFileReference; lastKnownFileType = sourcecode.swift; path = CristmasViewController.swift; sourceTree = "<group>"; };
		AC39CA7E296C3C880030FD6F /* ElectronicsViewController.swift */ = {isa = PBXFileReference; lastKnownFileType = sourcecode.swift; path = ElectronicsViewController.swift; sourceTree = "<group>"; };
		AC39CA80296C3CB50030FD6F /* HomeAppViewController.swift */ = {isa = PBXFileReference; lastKnownFileType = sourcecode.swift; path = HomeAppViewController.swift; sourceTree = "<group>"; };
		ACAC0C85296CAE8A003D39DF /* CollectionCellBack.swift */ = {isa = PBXFileReference; lastKnownFileType = sourcecode.swift; path = CollectionCellBack.swift; sourceTree = "<group>"; };
		ACB65040296D6C18005E0839 /* ChangeBooks.swift */ = {isa = PBXFileReference; lastKnownFileType = sourcecode.swift; path = ChangeBooks.swift; sourceTree = "<group>"; };
		ACB65042296D6F5E005E0839 /* NextBook.swift */ = {isa = PBXFileReference; lastKnownFileType = sourcecode.swift; path = NextBook.swift; sourceTree = "<group>"; };
		ACB65045296D7461005E0839 /* ChangeCollectionCell.swift */ = {isa = PBXFileReference; lastKnownFileType = sourcecode.swift; path = ChangeCollectionCell.swift; sourceTree = "<group>"; };
		ACB65048296D9342005E0839 /* AudioSegmentIndexViewController.swift */ = {isa = PBXFileReference; lastKnownFileType = sourcecode.swift; path = AudioSegmentIndexViewController.swift; sourceTree = "<group>"; };
		ACB6504A296D9462005E0839 /* AudioCollectionCell.swift */ = {isa = PBXFileReference; lastKnownFileType = sourcecode.swift; path = AudioCollectionCell.swift; sourceTree = "<group>"; };
		ACC7F3A8296DD9C000C60E0B /* AudionChange.swift */ = {isa = PBXFileReference; lastKnownFileType = sourcecode.swift; path = AudionChange.swift; sourceTree = "<group>"; };
		ACC7F3AA296DDAC200C60E0B /* AudioCell.swift */ = {isa = PBXFileReference; lastKnownFileType = sourcecode.swift; path = AudioCell.swift; sourceTree = "<group>"; };
		ACCE61F7296D41A200D05757 /* BooksSegmentIndexViewController.swift */ = {isa = PBXFileReference; lastKnownFileType = sourcecode.swift; path = BooksSegmentIndexViewController.swift; sourceTree = "<group>"; };
		BF27FD3569AB7103C3D937CD /* Pods_Shop.framework */ = {isa = PBXFileReference; explicitFileType = wrapper.framework; includeInIndex = 0; path = Pods_Shop.framework; sourceTree = BUILT_PRODUCTS_DIR; };
/* End PBXFileReference section */

/* Begin PBXFrameworksBuildPhase section */
		AC39CA5C296C313C0030FD6F /* Frameworks */ = {
			isa = PBXFrameworksBuildPhase;
			buildActionMask = 2147483647;
			files = (
				EAE4791BF74BCD1F16CECBDD /* Pods_Shop.framework in Frameworks */,
			);
			runOnlyForDeploymentPostprocessing = 0;
		};
/* End PBXFrameworksBuildPhase section */

/* Begin PBXGroup section */
		905110E2BD2DAFCE7085A885 /* Pods */ = {
			isa = PBXGroup;
			children = (
				21B4E4309FC56389A0E42867 /* Pods-Shop.debug.xcconfig */,
				93A402A68D459D4E46008FCC /* Pods-Shop.release.xcconfig */,
			);
			path = Pods;
			sourceTree = "<group>";
		};
		A84A2984EB5E432FCD88A332 /* Frameworks */ = {
			isa = PBXGroup;
			children = (
				BF27FD3569AB7103C3D937CD /* Pods_Shop.framework */,
			);
			name = Frameworks;
			sourceTree = "<group>";
		};
		AC39CA56296C313C0030FD6F = {
			isa = PBXGroup;
			children = (
				AC39CA61296C313C0030FD6F /* Shop */,
				AC39CA60296C313C0030FD6F /* Products */,
				905110E2BD2DAFCE7085A885 /* Pods */,
				A84A2984EB5E432FCD88A332 /* Frameworks */,
			);
			sourceTree = "<group>";
		};
		AC39CA60296C313C0030FD6F /* Products */ = {
			isa = PBXGroup;
			children = (
				AC39CA5F296C313C0030FD6F /* Shop.app */,
			);
			name = Products;
			sourceTree = "<group>";
		};
		AC39CA61296C313C0030FD6F /* Shop */ = {
			isa = PBXGroup;
			children = (
				AC39CA85296C577E0030FD6F /* Applications */,
				AC39CA84296C57740030FD6F /* Supporting */,
				AC39CA86296C57990030FD6F /* StartCollection */,
				AC39CA82296C4DD60030FD6F /* DescriptionCollectionCell */,
				AC39CA70296C313D0030FD6F /* Info.plist */,
			);
			path = Shop;
			sourceTree = "<group>";
		};
		AC39CA82296C4DD60030FD6F /* DescriptionCollectionCell */ = {
			isa = PBXGroup;
			children = (
				AC39CA78296C3B8D0030FD6F /* ShoesViewController.swift */,
				AC39CA7A296C3C210030FD6F /* BooksViewController.swift */,
				AC39CA7C296C3C4B0030FD6F /* CristmasViewController.swift */,
				AC39CA7E296C3C880030FD6F /* ElectronicsViewController.swift */,
				AC39CA80296C3CB50030FD6F /* HomeAppViewController.swift */,
				AC39CA83296C57570030FD6F /* ChoiceEveryCell */,
			);
			path = DescriptionCollectionCell;
			sourceTree = "<group>";
		};
		AC39CA83296C57570030FD6F /* ChoiceEveryCell */ = {
			isa = PBXGroup;
			children = (
				ACB65042296D6F5E005E0839 /* NextBook.swift */,
			);
			path = ChoiceEveryCell;
			sourceTree = "<group>";
		};
		AC39CA84296C57740030FD6F /* Supporting */ = {
			isa = PBXGroup;
			children = (
				AC39CA6B296C313D0030FD6F /* Assets.xcassets */,
				AC39CA6D296C313D0030FD6F /* LaunchScreen.storyboard */,
			);
			path = Supporting;
			sourceTree = "<group>";
		};
		AC39CA85296C577E0030FD6F /* Applications */ = {
			isa = PBXGroup;
			children = (
				AC39CA62296C313C0030FD6F /* AppDelegate.swift */,
				AC39CA64296C313C0030FD6F /* SceneDelegate.swift */,
			);
			path = Applications;
			sourceTree = "<group>";
		};
		AC39CA86296C57990030FD6F /* StartCollection */ = {
			isa = PBXGroup;
			children = (
				AC39CA66296C313C0030FD6F /* ViewController.swift */,
				AC39CA76296C32E60030FD6F /* CollectionCell.swift */,
				ACB65044296D71D8005E0839 /* BooksSegmentIndex */,
				ACB65047296D9288005E0839 /* AudionSegmentIndex */,
			);
			path = StartCollection;
			sourceTree = "<group>";
		};
		ACB65044296D71D8005E0839 /* BooksSegmentIndex */ = {
			isa = PBXGroup;
			children = (
				ACCE61F7296D41A200D05757 /* BooksSegmentIndexViewController.swift */,
				ACAC0C85296CAE8A003D39DF /* CollectionCellBack.swift */,
				ACB6504C296D9EC5005E0839 /* BooksSegmentCell */,
			);
			path = BooksSegmentIndex;
			sourceTree = "<group>";
		};
		ACB65047296D9288005E0839 /* AudionSegmentIndex */ = {
			isa = PBXGroup;
			children = (
				ACB65048296D9342005E0839 /* AudioSegmentIndexViewController.swift */,
				ACB6504A296D9462005E0839 /* AudioCollectionCell.swift */,
				ACC7F3A7296DD98200C60E0B /* AudioSegmentCell */,
			);
			path = AudionSegmentIndex;
			sourceTree = "<group>";
		};
		ACB6504C296D9EC5005E0839 /* BooksSegmentCell */ = {
			isa = PBXGroup;
			children = (
				ACB65040296D6C18005E0839 /* ChangeBooks.swift */,
				ACB65045296D7461005E0839 /* ChangeCollectionCell.swift */,
			);
			path = BooksSegmentCell;
			sourceTree = "<group>";
		};
		ACC7F3A7296DD98200C60E0B /* AudioSegmentCell */ = {
			isa = PBXGroup;
			children = (
				ACC7F3A8296DD9C000C60E0B /* AudionChange.swift */,
				ACC7F3AA296DDAC200C60E0B /* AudioCell.swift */,
			);
			path = AudioSegmentCell;
			sourceTree = "<group>";
		};
/* End PBXGroup section */

/* Begin PBXNativeTarget section */
		AC39CA5E296C313C0030FD6F /* Shop */ = {
			isa = PBXNativeTarget;
			buildConfigurationList = AC39CA73296C313D0030FD6F /* Build configuration list for PBXNativeTarget "Shop" */;
			buildPhases = (
				1EB2480217B97B4AB1DEAB0B /* [CP] Check Pods Manifest.lock */,
				AC39CA5B296C313C0030FD6F /* Sources */,
				AC39CA5C296C313C0030FD6F /* Frameworks */,
				AC39CA5D296C313C0030FD6F /* Resources */,
				D4AEF571D0C725229BBBFB39 /* [CP] Embed Pods Frameworks */,
			);
			buildRules = (
			);
			dependencies = (
			);
			name = Shop;
			productName = Shop;
			productReference = AC39CA5F296C313C0030FD6F /* Shop.app */;
			productType = "com.apple.product-type.application";
		};
/* End PBXNativeTarget section */

/* Begin PBXProject section */
		AC39CA57296C313C0030FD6F /* Project object */ = {
			isa = PBXProject;
			attributes = {
				BuildIndependentTargetsInParallel = 1;
				LastSwiftUpdateCheck = 1400;
				LastUpgradeCheck = 1400;
				TargetAttributes = {
					AC39CA5E296C313C0030FD6F = {
						CreatedOnToolsVersion = 14.0.1;
					};
				};
			};
			buildConfigurationList = AC39CA5A296C313C0030FD6F /* Build configuration list for PBXProject "Shop" */;
			compatibilityVersion = "Xcode 14.0";
			developmentRegion = en;
			hasScannedForEncodings = 0;
			knownRegions = (
				en,
				Base,
			);
			mainGroup = AC39CA56296C313C0030FD6F;
			productRefGroup = AC39CA60296C313C0030FD6F /* Products */;
			projectDirPath = "";
			projectRoot = "";
			targets = (
				AC39CA5E296C313C0030FD6F /* Shop */,
			);
		};
/* End PBXProject section */

/* Begin PBXResourcesBuildPhase section */
		AC39CA5D296C313C0030FD6F /* Resources */ = {
			isa = PBXResourcesBuildPhase;
			buildActionMask = 2147483647;
			files = (
				AC39CA6F296C313D0030FD6F /* LaunchScreen.storyboard in Resources */,
				AC39CA6C296C313D0030FD6F /* Assets.xcassets in Resources */,
			);
			runOnlyForDeploymentPostprocessing = 0;
		};
/* End PBXResourcesBuildPhase section */

/* Begin PBXShellScriptBuildPhase section */
		1EB2480217B97B4AB1DEAB0B /* [CP] Check Pods Manifest.lock */ = {
			isa = PBXShellScriptBuildPhase;
			buildActionMask = 2147483647;
			files = (
			);
			inputFileListPaths = (
			);
			inputPaths = (
				"${PODS_PODFILE_DIR_PATH}/Podfile.lock",
				"${PODS_ROOT}/Manifest.lock",
			);
			name = "[CP] Check Pods Manifest.lock";
			outputFileListPaths = (
			);
			outputPaths = (
				"$(DERIVED_FILE_DIR)/Pods-Shop-checkManifestLockResult.txt",
			);
			runOnlyForDeploymentPostprocessing = 0;
			shellPath = /bin/sh;
			shellScript = "diff \"${PODS_PODFILE_DIR_PATH}/Podfile.lock\" \"${PODS_ROOT}/Manifest.lock\" > /dev/null\nif [ $? != 0 ] ; then\n    # print error to STDERR\n    echo \"error: The sandbox is not in sync with the Podfile.lock. Run 'pod install' or update your CocoaPods installation.\" >&2\n    exit 1\nfi\n# This output is used by Xcode 'outputs' to avoid re-running this script phase.\necho \"SUCCESS\" > \"${SCRIPT_OUTPUT_FILE_0}\"\n";
			showEnvVarsInLog = 0;
		};
		D4AEF571D0C725229BBBFB39 /* [CP] Embed Pods Frameworks */ = {
			isa = PBXShellScriptBuildPhase;
			buildActionMask = 2147483647;
			files = (
			);
			inputFileListPaths = (
				"${PODS_ROOT}/Target Support Files/Pods-Shop/Pods-Shop-frameworks-${CONFIGURATION}-input-files.xcfilelist",
			);
			name = "[CP] Embed Pods Frameworks";
			outputFileListPaths = (
				"${PODS_ROOT}/Target Support Files/Pods-Shop/Pods-Shop-frameworks-${CONFIGURATION}-output-files.xcfilelist",
			);
			runOnlyForDeploymentPostprocessing = 0;
			shellPath = /bin/sh;
			shellScript = "\"${PODS_ROOT}/Target Support Files/Pods-Shop/Pods-Shop-frameworks.sh\"\n";
			showEnvVarsInLog = 0;
		};
/* End PBXShellScriptBuildPhase section */

/* Begin PBXSourcesBuildPhase section */
		AC39CA5B296C313C0030FD6F /* Sources */ = {
			isa = PBXSourcesBuildPhase;
			buildActionMask = 2147483647;
			files = (
				ACC7F3A9296DD9C000C60E0B /* AudionChange.swift in Sources */,
				AC39CA67296C313C0030FD6F /* ViewController.swift in Sources */,
				ACC7F3AB296DDAC200C60E0B /* AudioCell.swift in Sources */,
				ACB65041296D6C18005E0839 /* ChangeBooks.swift in Sources */,
				ACB6504B296D9462005E0839 /* AudioCollectionCell.swift in Sources */,
				AC39CA7D296C3C4B0030FD6F /* CristmasViewController.swift in Sources */,
				AC39CA81296C3CB50030FD6F /* HomeAppViewController.swift in Sources */,
				ACB65049296D9342005E0839 /* AudioSegmentIndexViewController.swift in Sources */,
				AC39CA63296C313C0030FD6F /* AppDelegate.swift in Sources */,
				ACB65046296D7461005E0839 /* ChangeCollectionCell.swift in Sources */,
				AC39CA65296C313C0030FD6F /* SceneDelegate.swift in Sources */,
				ACCE61F8296D41A200D05757 /* BooksSegmentIndexViewController.swift in Sources */,
				AC39CA7F296C3C880030FD6F /* ElectronicsViewController.swift in Sources */,
				ACAC0C86296CAE8A003D39DF /* CollectionCellBack.swift in Sources */,
				AC39CA79296C3B8D0030FD6F /* ShoesViewController.swift in Sources */,
				AC39CA77296C32E60030FD6F /* CollectionCell.swift in Sources */,
				AC39CA7B296C3C210030FD6F /* BooksViewController.swift in Sources */,
				ACB65043296D6F5E005E0839 /* NextBook.swift in Sources */,
			);
			runOnlyForDeploymentPostprocessing = 0;
		};
/* End PBXSourcesBuildPhase section */

/* Begin PBXVariantGroup section */
		AC39CA6D296C313D0030FD6F /* LaunchScreen.storyboard */ = {
			isa = PBXVariantGroup;
			children = (
				AC39CA6E296C313D0030FD6F /* Base */,
			);
			name = LaunchScreen.storyboard;
			sourceTree = "<group>";
		};
/* End PBXVariantGroup section */

/* Begin XCBuildConfiguration section */
		AC39CA71296C313D0030FD6F /* Debug */ = {
			isa = XCBuildConfiguration;
			buildSettings = {
				ALWAYS_SEARCH_USER_PATHS = NO;
				CLANG_ANALYZER_NONNULL = YES;
				CLANG_ANALYZER_NUMBER_OBJECT_CONVERSION = YES_AGGRESSIVE;
				CLANG_CXX_LANGUAGE_STANDARD = "gnu++20";
				CLANG_ENABLE_MODULES = YES;
				CLANG_ENABLE_OBJC_ARC = YES;
				CLANG_ENABLE_OBJC_WEAK = YES;
				CLANG_WARN_BLOCK_CAPTURE_AUTORELEASING = YES;
				CLANG_WARN_BOOL_CONVERSION = YES;
				CLANG_WARN_COMMA = YES;
				CLANG_WARN_CONSTANT_CONVERSION = YES;
				CLANG_WARN_DEPRECATED_OBJC_IMPLEMENTATIONS = YES;
				CLANG_WARN_DIRECT_OBJC_ISA_USAGE = YES_ERROR;
				CLANG_WARN_DOCUMENTATION_COMMENTS = YES;
				CLANG_WARN_EMPTY_BODY = YES;
				CLANG_WARN_ENUM_CONVERSION = YES;
				CLANG_WARN_INFINITE_RECURSION = YES;
				CLANG_WARN_INT_CONVERSION = YES;
				CLANG_WARN_NON_LITERAL_NULL_CONVERSION = YES;
				CLANG_WARN_OBJC_IMPLICIT_RETAIN_SELF = YES;
				CLANG_WARN_OBJC_LITERAL_CONVERSION = YES;
				CLANG_WARN_OBJC_ROOT_CLASS = YES_ERROR;
				CLANG_WARN_QUOTED_INCLUDE_IN_FRAMEWORK_HEADER = YES;
				CLANG_WARN_RANGE_LOOP_ANALYSIS = YES;
				CLANG_WARN_STRICT_PROTOTYPES = YES;
				CLANG_WARN_SUSPICIOUS_MOVE = YES;
				CLANG_WARN_UNGUARDED_AVAILABILITY = YES_AGGRESSIVE;
				CLANG_WARN_UNREACHABLE_CODE = YES;
				CLANG_WARN__DUPLICATE_METHOD_MATCH = YES;
				COPY_PHASE_STRIP = NO;
				DEBUG_INFORMATION_FORMAT = dwarf;
				ENABLE_STRICT_OBJC_MSGSEND = YES;
				ENABLE_TESTABILITY = YES;
				GCC_C_LANGUAGE_STANDARD = gnu11;
				GCC_DYNAMIC_NO_PIC = NO;
				GCC_NO_COMMON_BLOCKS = YES;
				GCC_OPTIMIZATION_LEVEL = 0;
				GCC_PREPROCESSOR_DEFINITIONS = (
					"DEBUG=1",
					"$(inherited)",
				);
				GCC_WARN_64_TO_32_BIT_CONVERSION = YES;
				GCC_WARN_ABOUT_RETURN_TYPE = YES_ERROR;
				GCC_WARN_UNDECLARED_SELECTOR = YES;
				GCC_WARN_UNINITIALIZED_AUTOS = YES_AGGRESSIVE;
				GCC_WARN_UNUSED_FUNCTION = YES;
				GCC_WARN_UNUSED_VARIABLE = YES;
				IPHONEOS_DEPLOYMENT_TARGET = 16.0;
				MTL_ENABLE_DEBUG_INFO = INCLUDE_SOURCE;
				MTL_FAST_MATH = YES;
				ONLY_ACTIVE_ARCH = YES;
				SDKROOT = iphoneos;
				SWIFT_ACTIVE_COMPILATION_CONDITIONS = DEBUG;
				SWIFT_OPTIMIZATION_LEVEL = "-Onone";
			};
			name = Debug;
		};
		AC39CA72296C313D0030FD6F /* Release */ = {
			isa = XCBuildConfiguration;
			buildSettings = {
				ALWAYS_SEARCH_USER_PATHS = NO;
				CLANG_ANALYZER_NONNULL = YES;
				CLANG_ANALYZER_NUMBER_OBJECT_CONVERSION = YES_AGGRESSIVE;
				CLANG_CXX_LANGUAGE_STANDARD = "gnu++20";
				CLANG_ENABLE_MODULES = YES;
				CLANG_ENABLE_OBJC_ARC = YES;
				CLANG_ENABLE_OBJC_WEAK = YES;
				CLANG_WARN_BLOCK_CAPTURE_AUTORELEASING = YES;
				CLANG_WARN_BOOL_CONVERSION = YES;
				CLANG_WARN_COMMA = YES;
				CLANG_WARN_CONSTANT_CONVERSION = YES;
				CLANG_WARN_DEPRECATED_OBJC_IMPLEMENTATIONS = YES;
				CLANG_WARN_DIRECT_OBJC_ISA_USAGE = YES_ERROR;
				CLANG_WARN_DOCUMENTATION_COMMENTS = YES;
				CLANG_WARN_EMPTY_BODY = YES;
				CLANG_WARN_ENUM_CONVERSION = YES;
				CLANG_WARN_INFINITE_RECURSION = YES;
				CLANG_WARN_INT_CONVERSION = YES;
				CLANG_WARN_NON_LITERAL_NULL_CONVERSION = YES;
				CLANG_WARN_OBJC_IMPLICIT_RETAIN_SELF = YES;
				CLANG_WARN_OBJC_LITERAL_CONVERSION = YES;
				CLANG_WARN_OBJC_ROOT_CLASS = YES_ERROR;
				CLANG_WARN_QUOTED_INCLUDE_IN_FRAMEWORK_HEADER = YES;
				CLANG_WARN_RANGE_LOOP_ANALYSIS = YES;
				CLANG_WARN_STRICT_PROTOTYPES = YES;
				CLANG_WARN_SUSPICIOUS_MOVE = YES;
				CLANG_WARN_UNGUARDED_AVAILABILITY = YES_AGGRESSIVE;
				CLANG_WARN_UNREACHABLE_CODE = YES;
				CLANG_WARN__DUPLICATE_METHOD_MATCH = YES;
				COPY_PHASE_STRIP = NO;
				DEBUG_INFORMATION_FORMAT = "dwarf-with-dsym";
				ENABLE_NS_ASSERTIONS = NO;
				ENABLE_STRICT_OBJC_MSGSEND = YES;
				GCC_C_LANGUAGE_STANDARD = gnu11;
				GCC_NO_COMMON_BLOCKS = YES;
				GCC_WARN_64_TO_32_BIT_CONVERSION = YES;
				GCC_WARN_ABOUT_RETURN_TYPE = YES_ERROR;
				GCC_WARN_UNDECLARED_SELECTOR = YES;
				GCC_WARN_UNINITIALIZED_AUTOS = YES_AGGRESSIVE;
				GCC_WARN_UNUSED_FUNCTION = YES;
				GCC_WARN_UNUSED_VARIABLE = YES;
				IPHONEOS_DEPLOYMENT_TARGET = 16.0;
				MTL_ENABLE_DEBUG_INFO = NO;
				MTL_FAST_MATH = YES;
				SDKROOT = iphoneos;
				SWIFT_COMPILATION_MODE = wholemodule;
				SWIFT_OPTIMIZATION_LEVEL = "-O";
				VALIDATE_PRODUCT = YES;
			};
			name = Release;
		};
		AC39CA74296C313D0030FD6F /* Debug */ = {
			isa = XCBuildConfiguration;
			baseConfigurationReference = 21B4E4309FC56389A0E42867 /* Pods-Shop.debug.xcconfig */;
			buildSettings = {
				ASSETCATALOG_COMPILER_APPICON_NAME = AppIcon;
				ASSETCATALOG_COMPILER_GLOBAL_ACCENT_COLOR_NAME = AccentColor;
				CODE_SIGN_STYLE = Automatic;
				CURRENT_PROJECT_VERSION = 1;
				GENERATE_INFOPLIST_FILE = YES;
				INFOPLIST_FILE = Shop/Info.plist;
				INFOPLIST_KEY_UIApplicationSupportsIndirectInputEvents = YES;
				INFOPLIST_KEY_UILaunchStoryboardName = LaunchScreen;
				INFOPLIST_KEY_UISupportedInterfaceOrientations_iPad = "UIInterfaceOrientationPortrait UIInterfaceOrientationPortraitUpsideDown UIInterfaceOrientationLandscapeLeft UIInterfaceOrientationLandscapeRight";
				INFOPLIST_KEY_UISupportedInterfaceOrientations_iPhone = "UIInterfaceOrientationPortrait UIInterfaceOrientationLandscapeLeft UIInterfaceOrientationLandscapeRight";
				LD_RUNPATH_SEARCH_PATHS = (
					"$(inherited)",
					"@executable_path/Frameworks",
				);
				MARKETING_VERSION = 1.0;
				PRODUCT_BUNDLE_IDENTIFIER = Artemka.Shop;
				PRODUCT_NAME = "$(TARGET_NAME)";
				SWIFT_EMIT_LOC_STRINGS = YES;
				SWIFT_VERSION = 5.0;
				TARGETED_DEVICE_FAMILY = "1,2";
			};
			name = Debug;
		};
		AC39CA75296C313D0030FD6F /* Release */ = {
			isa = XCBuildConfiguration;
			baseConfigurationReference = 93A402A68D459D4E46008FCC /* Pods-Shop.release.xcconfig */;
			buildSettings = {
				ASSETCATALOG_COMPILER_APPICON_NAME = AppIcon;
				ASSETCATALOG_COMPILER_GLOBAL_ACCENT_COLOR_NAME = AccentColor;
				CODE_SIGN_STYLE = Automatic;
				CURRENT_PROJECT_VERSION = 1;
				GENERATE_INFOPLIST_FILE = YES;
				INFOPLIST_FILE = Shop/Info.plist;
				INFOPLIST_KEY_UIApplicationSupportsIndirectInputEvents = YES;
				INFOPLIST_KEY_UILaunchStoryboardName = LaunchScreen;
				INFOPLIST_KEY_UISupportedInterfaceOrientations_iPad = "UIInterfaceOrientationPortrait UIInterfaceOrientationPortraitUpsideDown UIInterfaceOrientationLandscapeLeft UIInterfaceOrientationLandscapeRight";
				INFOPLIST_KEY_UISupportedInterfaceOrientations_iPhone = "UIInterfaceOrientationPortrait UIInterfaceOrientationLandscapeLeft UIInterfaceOrientationLandscapeRight";
				LD_RUNPATH_SEARCH_PATHS = (
					"$(inherited)",
					"@executable_path/Frameworks",
				);
				MARKETING_VERSION = 1.0;
				PRODUCT_BUNDLE_IDENTIFIER = Artemka.Shop;
				PRODUCT_NAME = "$(TARGET_NAME)";
				SWIFT_EMIT_LOC_STRINGS = YES;
				SWIFT_VERSION = 5.0;
				TARGETED_DEVICE_FAMILY = "1,2";
			};
			name = Release;
		};
/* End XCBuildConfiguration section */

/* Begin XCConfigurationList section */
		AC39CA5A296C313C0030FD6F /* Build configuration list for PBXProject "Shop" */ = {
			isa = XCConfigurationList;
			buildConfigurations = (
				AC39CA71296C313D0030FD6F /* Debug */,
				AC39CA72296C313D0030FD6F /* Release */,
			);
			defaultConfigurationIsVisible = 0;
			defaultConfigurationName = Release;
		};
		AC39CA73296C313D0030FD6F /* Build configuration list for PBXNativeTarget "Shop" */ = {
			isa = XCConfigurationList;
			buildConfigurations = (
				AC39CA74296C313D0030FD6F /* Debug */,
				AC39CA75296C313D0030FD6F /* Release */,
			);
			defaultConfigurationIsVisible = 0;
			defaultConfigurationName = Release;
		};
/* End XCConfigurationList section */
	};
	rootObject = AC39CA57296C313C0030FD6F /* Project object */;
}
